
Microsoft Visual Studio Solution File, Format Version 12.00
# Visual Studio Version 17
VisualStudioVersion = 17.14.36603.0
MinimumVisualStudioVersion = 10.0.40219.1
Project("{FAE04EC0-301F-11D3-BF4B-00C04F79EFBC}") = "AppAuthService", "AppAuthService\AppAuthService.csproj", "{4BCEB092-D0CE-41D5-BF7A-DB79B2E0B7E3}"
EndProject
Project("{FAE04EC0-301F-11D3-BF4B-00C04F79EFBC}") = "AppAuth.BLL", "AppAuth.BLL\AppAuth.BLL.csproj", "{2F27F349-6412-4AC8-8CA7-876D4BC0E704}"
EndProject
Project("{FAE04EC0-301F-11D3-BF4B-00C04F79EFBC}") = "AppAuth.Utils", "AppAuth.Utils\AppAuth.Utils.csproj", "{49986E55-B766-4150-A97C-E3AA5BDA9D95}"
EndProject
Project("{FAE04EC0-301F-11D3-BF4B-00C04F79EFBC}") = "AuthService.DAL", "AuthService.DAL\AuthService.DAL.csproj", "{F8548B35-5EE3-4980-BB6C-27DAB41C97C3}"
EndProject
Project("{FAE04EC0-301F-11D3-BF4B-00C04F79EFBC}") = "MSA.Utils", "SecurityUtility\MSA.Utils.csproj", "{6C25DED2-4496-430E-988A-ECE5FFE1B2BB}"
EndProject
Project("{FAE04EC0-301F-11D3-BF4B-00C04F79EFBC}") = "MSA.Shared", "MSA.Shared\MSA.Shared.csproj", "{B9A0B50C-D858-41B4-BBEC-4D425DEC2626}"
EndProject
Project("{FAE04EC0-301F-11D3-BF4B-00C04F79EFBC}") = "AuthService.Shared", "AuthService.Shared\AuthService.Shared.csproj", "{A3D5D134-B6C1-4885-928E-CEC63F52D730}"
EndProject
Project("{FAE04EC0-301F-11D3-BF4B-00C04F79EFBC}") = "AppAuth.Tests", "AppAuth.Tests\AppAuth.Tests.csproj", "{7F4D60B1-DD61-4CA6-BF1E-8630D7046E12}"
EndProject
Global
	GlobalSection(SolutionConfigurationPlatforms) = preSolution
		Debug|Any CPU = Debug|Any CPU
		Debug|x64 = Debug|x64
		Debug|x86 = Debug|x86
		Release|Any CPU = Release|Any CPU
		Release|x64 = Release|x64
		Release|x86 = Release|x86
	EndGlobalSection
	GlobalSection(ProjectConfigurationPlatforms) = postSolution
		{4BCEB092-D0CE-41D5-BF7A-DB79B2E0B7E3}.Debug|Any CPU.ActiveCfg = Debug|Any CPU
		{4BCEB092-D0CE-41D5-BF7A-DB79B2E0B7E3}.Debug|Any CPU.Build.0 = Debug|Any CPU
		{4BCEB092-D0CE-41D5-BF7A-DB79B2E0B7E3}.Debug|x64.ActiveCfg = Debug|Any CPU
		{4BCEB092-D0CE-41D5-BF7A-DB79B2E0B7E3}.Debug|x64.Build.0 = Debug|Any CPU
		{4BCEB092-D0CE-41D5-BF7A-DB79B2E0B7E3}.Debug|x86.ActiveCfg = Debug|Any CPU
		{4BCEB092-D0CE-41D5-BF7A-DB79B2E0B7E3}.Debug|x86.Build.0 = Debug|Any CPU
		{4BCEB092-D0CE-41D5-BF7A-DB79B2E0B7E3}.Release|Any CPU.ActiveCfg = Release|Any CPU
		{4BCEB092-D0CE-41D5-BF7A-DB79B2E0B7E3}.Release|Any CPU.Build.0 = Release|Any CPU
		{4BCEB092-D0CE-41D5-BF7A-DB79B2E0B7E3}.Release|x64.ActiveCfg = Release|Any CPU
		{4BCEB092-D0CE-41D5-BF7A-DB79B2E0B7E3}.Release|x64.Build.0 = Release|Any CPU
		{4BCEB092-D0CE-41D5-BF7A-DB79B2E0B7E3}.Release|x86.ActiveCfg = Release|Any CPU
		{4BCEB092-D0CE-41D5-BF7A-DB79B2E0B7E3}.Release|x86.Build.0 = Release|Any CPU
		{2F27F349-6412-4AC8-8CA7-876D4BC0E704}.Debug|Any CPU.ActiveCfg = Debug|Any CPU
		{2F27F349-6412-4AC8-8CA7-876D4BC0E704}.Debug|Any CPU.Build.0 = Debug|Any CPU
		{2F27F349-6412-4AC8-8CA7-876D4BC0E704}.Debug|x64.ActiveCfg = Debug|Any CPU
		{2F27F349-6412-4AC8-8CA7-876D4BC0E704}.Debug|x64.Build.0 = Debug|Any CPU
		{2F27F349-6412-4AC8-8CA7-876D4BC0E704}.Debug|x86.ActiveCfg = Debug|Any CPU
		{2F27F349-6412-4AC8-8CA7-876D4BC0E704}.Debug|x86.Build.0 = Debug|Any CPU
		{2F27F349-6412-4AC8-8CA7-876D4BC0E704}.Release|Any CPU.ActiveCfg = Release|Any CPU
		{2F27F349-6412-4AC8-8CA7-876D4BC0E704}.Release|Any CPU.Build.0 = Release|Any CPU
		{2F27F349-6412-4AC8-8CA7-876D4BC0E704}.Release|x64.ActiveCfg = Release|Any CPU
		{2F27F349-6412-4AC8-8CA7-876D4BC0E704}.Release|x64.Build.0 = Release|Any CPU
		{2F27F349-6412-4AC8-8CA7-876D4BC0E704}.Release|x86.ActiveCfg = Release|Any CPU
		{2F27F349-6412-4AC8-8CA7-876D4BC0E704}.Release|x86.Build.0 = Release|Any CPU
		{49986E55-B766-4150-A97C-E3AA5BDA9D95}.Debug|Any CPU.ActiveCfg = Debug|Any CPU
		{49986E55-B766-4150-A97C-E3AA5BDA9D95}.Debug|Any CPU.Build.0 = Debug|Any CPU
		{49986E55-B766-4150-A97C-E3AA5BDA9D95}.Debug|x64.ActiveCfg = Debug|Any CPU
		{49986E55-B766-4150-A97C-E3AA5BDA9D95}.Debug|x64.Build.0 = Debug|Any CPU
		{49986E55-B766-4150-A97C-E3AA5BDA9D95}.Debug|x86.ActiveCfg = Debug|Any CPU
		{49986E55-B766-4150-A97C-E3AA5BDA9D95}.Debug|x86.Build.0 = Debug|Any CPU
		{49986E55-B766-4150-A97C-E3AA5BDA9D95}.Release|Any CPU.ActiveCfg = Release|Any CPU
		{49986E55-B766-4150-A97C-E3AA5BDA9D95}.Release|Any CPU.Build.0 = Release|Any CPU
		{49986E55-B766-4150-A97C-E3AA5BDA9D95}.Release|x64.ActiveCfg = Release|Any CPU
		{49986E55-B766-4150-A97C-E3AA5BDA9D95}.Release|x64.Build.0 = Release|Any CPU
		{49986E55-B766-4150-A97C-E3AA5BDA9D95}.Release|x86.ActiveCfg = Release|Any CPU
		{49986E55-B766-4150-A97C-E3AA5BDA9D95}.Release|x86.Build.0 = Release|Any CPU
		{F8548B35-5EE3-4980-BB6C-27DAB41C97C3}.Debug|Any CPU.ActiveCfg = Debug|Any CPU
		{F8548B35-5EE3-4980-BB6C-27DAB41C97C3}.Debug|Any CPU.Build.0 = Debug|Any CPU
		{F8548B35-5EE3-4980-BB6C-27DAB41C97C3}.Debug|x64.ActiveCfg = Debug|Any CPU
		{F8548B35-5EE3-4980-BB6C-27DAB41C97C3}.Debug|x64.Build.0 = Debug|Any CPU
		{F8548B35-5EE3-4980-BB6C-27DAB41C97C3}.Debug|x86.ActiveCfg = Debug|Any CPU
		{F8548B35-5EE3-4980-BB6C-27DAB41C97C3}.Debug|x86.Build.0 = Debug|Any CPU
		{F8548B35-5EE3-4980-BB6C-27DAB41C97C3}.Release|Any CPU.ActiveCfg = Release|Any CPU
		{F8548B35-5EE3-4980-BB6C-27DAB41C97C3}.Release|Any CPU.Build.0 = Release|Any CPU
		{F8548B35-5EE3-4980-BB6C-27DAB41C97C3}.Release|x64.ActiveCfg = Release|Any CPU
		{F8548B35-5EE3-4980-BB6C-27DAB41C97C3}.Release|x64.Build.0 = Release|Any CPU
		{F8548B35-5EE3-4980-BB6C-27DAB41C97C3}.Release|x86.ActiveCfg = Release|Any CPU
		{F8548B35-5EE3-4980-BB6C-27DAB41C97C3}.Release|x86.Build.0 = Release|Any CPU
		{6C25DED2-4496-430E-988A-ECE5FFE1B2BB}.Debug|Any CPU.ActiveCfg = Debug|Any CPU
		{6C25DED2-4496-430E-988A-ECE5FFE1B2BB}.Debug|Any CPU.Build.0 = Debug|Any CPU
		{6C25DED2-4496-430E-988A-ECE5FFE1B2BB}.Debug|x64.ActiveCfg = Debug|Any CPU
		{6C25DED2-4496-430E-988A-ECE5FFE1B2BB}.Debug|x64.Build.0 = Debug|Any CPU
		{6C25DED2-4496-430E-988A-ECE5FFE1B2BB}.Debug|x86.ActiveCfg = Debug|Any CPU
		{6C25DED2-4496-430E-988A-ECE5FFE1B2BB}.Debug|x86.Build.0 = Debug|Any CPU
		{6C25DED2-4496-430E-988A-ECE5FFE1B2BB}.Release|Any CPU.ActiveCfg = Release|Any CPU
		{6C25DED2-4496-430E-988A-ECE5FFE1B2BB}.Release|Any CPU.Build.0 = Release|Any CPU
		{6C25DED2-4496-430E-988A-ECE5FFE1B2BB}.Release|x64.ActiveCfg = Release|Any CPU
		{6C25DED2-4496-430E-988A-ECE5FFE1B2BB}.Release|x64.Build.0 = Release|Any CPU
		{6C25DED2-4496-430E-988A-ECE5FFE1B2BB}.Release|x86.ActiveCfg = Release|Any CPU
		{6C25DED2-4496-430E-988A-ECE5FFE1B2BB}.Release|x86.Build.0 = Release|Any CPU
		{B9A0B50C-D858-41B4-BBEC-4D425DEC2626}.Debug|Any CPU.ActiveCfg = Debug|Any CPU
		{B9A0B50C-D858-41B4-BBEC-4D425DEC2626}.Debug|Any CPU.Build.0 = Debug|Any CPU
		{B9A0B50C-D858-41B4-BBEC-4D425DEC2626}.Debug|x64.ActiveCfg = Debug|Any CPU
		{B9A0B50C-D858-41B4-BBEC-4D425DEC2626}.Debug|x64.Build.0 = Debug|Any CPU
		{B9A0B50C-D858-41B4-BBEC-4D425DEC2626}.Debug|x86.ActiveCfg = Debug|Any CPU
		{B9A0B50C-D858-41B4-BBEC-4D425DEC2626}.Debug|x86.Build.0 = Debug|Any CPU
		{B9A0B50C-D858-41B4-BBEC-4D425DEC2626}.Release|Any CPU.ActiveCfg = Release|Any CPU
		{B9A0B50C-D858-41B4-BBEC-4D425DEC2626}.Release|Any CPU.Build.0 = Release|Any CPU
		{B9A0B50C-D858-41B4-BBEC-4D425DEC2626}.Release|x64.ActiveCfg = Release|Any CPU
		{B9A0B50C-D858-41B4-BBEC-4D425DEC2626}.Release|x64.Build.0 = Release|Any CPU
		{B9A0B50C-D858-41B4-BBEC-4D425DEC2626}.Release|x86.ActiveCfg = Release|Any CPU
		{B9A0B50C-D858-41B4-BBEC-4D425DEC2626}.Release|x86.Build.0 = Release|Any CPU
		{A3D5D134-B6C1-4885-928E-CEC63F52D730}.Debug|Any CPU.ActiveCfg = Debug|Any CPU
		{A3D5D134-B6C1-4885-928E-CEC63F52D730}.Debug|Any CPU.Build.0 = Debug|Any CPU
		{A3D5D134-B6C1-4885-928E-CEC63F52D730}.Debug|x64.ActiveCfg = Debug|Any CPU
		{A3D5D134-B6C1-4885-928E-CEC63F52D730}.Debug|x64.Build.0 = Debug|Any CPU
		{A3D5D134-B6C1-4885-928E-CEC63F52D730}.Debug|x86.ActiveCfg = Debug|Any CPU
		{A3D5D134-B6C1-4885-928E-CEC63F52D730}.Debug|x86.Build.0 = Debug|Any CPU
		{A3D5D134-B6C1-4885-928E-CEC63F52D730}.Release|Any CPU.ActiveCfg = Release|Any CPU
		{A3D5D134-B6C1-4885-928E-CEC63F52D730}.Release|Any CPU.Build.0 = Release|Any CPU
		{A3D5D134-B6C1-4885-928E-CEC63F52D730}.Release|x64.ActiveCfg = Release|Any CPU
		{A3D5D134-B6C1-4885-928E-CEC63F52D730}.Release|x64.Build.0 = Release|Any CPU
		{A3D5D134-B6C1-4885-928E-CEC63F52D730}.Release|x86.ActiveCfg = Release|Any CPU
		{A3D5D134-B6C1-4885-928E-CEC63F52D730}.Release|x86.Build.0 = Release|Any CPU
		{7F4D60B1-DD61-4CA6-BF1E-8630D7046E12}.Debug|Any CPU.ActiveCfg = Debug|Any CPU
		{7F4D60B1-DD61-4CA6-BF1E-8630D7046E12}.Debug|Any CPU.Build.0 = Debug|Any CPU
		{7F4D60B1-DD61-4CA6-BF1E-8630D7046E12}.Debug|x64.ActiveCfg = Debug|Any CPU
		{7F4D60B1-DD61-4CA6-BF1E-8630D7046E12}.Debug|x64.Build.0 = Debug|Any CPU
		{7F4D60B1-DD61-4CA6-BF1E-8630D7046E12}.Debug|x86.ActiveCfg = Debug|Any CPU
		{7F4D60B1-DD61-4CA6-BF1E-8630D7046E12}.Debug|x86.Build.0 = Debug|Any CPU
		{7F4D60B1-DD61-4CA6-BF1E-8630D7046E12}.Release|Any CPU.ActiveCfg = Release|Any CPU
		{7F4D60B1-DD61-4CA6-BF1E-8630D7046E12}.Release|Any CPU.Build.0 = Release|Any CPU
		{7F4D60B1-DD61-4CA6-BF1E-8630D7046E12}.Release|x64.ActiveCfg = Release|Any CPU
		{7F4D60B1-DD61-4CA6-BF1E-8630D7046E12}.Release|x64.Build.0 = Release|Any CPU
		{7F4D60B1-DD61-4CA6-BF1E-8630D7046E12}.Release|x86.ActiveCfg = Release|Any CPU
		{7F4D60B1-DD61-4CA6-BF1E-8630D7046E12}.Release|x86.Build.0 = Release|Any CPU
	EndGlobalSection
	GlobalSection(SolutionProperties) = preSolution
		HideSolutionNode = FALSE
	EndGlobalSection
	GlobalSection(ExtensibilityGlobals) = postSolution
		SolutionGuid = {16EA9EBA-F5B0-4E20-8B73-4F57C5DC065B}
	EndGlobalSection
EndGlobal
